
Microsoft Visual Studio Solution File, Format Version 12.00
# Visual Studio 15
VisualStudioVersion = 15.0.27130.2027
MinimumVisualStudioVersion = 10.0.40219.1
Project("{FAE04EC0-301F-11D3-BF4B-00C04F79EFBC}") = "DoodleModel", "DoodleModel\DoodleModel.csproj", "{3F91C89E-33F0-4F60-8969-2AA150B1F4C7}"
EndProject
Project("{FAE04EC0-301F-11D3-BF4B-00C04F79EFBC}") = "DoodleDAL", "DoodleDAL\DoodleDAL.csproj", "{05676A5B-F8BF-4318-8474-8DF0E8033A76}"
EndProject
Project("{FAE04EC0-301F-11D3-BF4B-00C04F79EFBC}") = "DoodleService", "DoodleService\DoodleService.csproj", "{94906553-8461-4AD4-B488-FADD9CE422B6}"
EndProject
Project("{FAE04EC0-301F-11D3-BF4B-00C04F79EFBC}") = "Lab", "Lab\Lab.csproj", "{E7F466A4-E6DD-445D-A27A-76BF87D5089A}"
	ProjectSection(ProjectDependencies) = postProject
		{94906553-8461-4AD4-B488-FADD9CE422B6} = {94906553-8461-4AD4-B488-FADD9CE422B6}
	EndProjectSection
EndProject
Global
	GlobalSection(SolutionConfigurationPlatforms) = preSolution
		Ad-Hoc|Any CPU = Ad-Hoc|Any CPU
		Ad-Hoc|ARM = Ad-Hoc|ARM
		Ad-Hoc|iPhone = Ad-Hoc|iPhone
		Ad-Hoc|iPhoneSimulator = Ad-Hoc|iPhoneSimulator
		Ad-Hoc|x64 = Ad-Hoc|x64
		Ad-Hoc|x86 = Ad-Hoc|x86
		AppStore|Any CPU = AppStore|Any CPU
		AppStore|ARM = AppStore|ARM
		AppStore|iPhone = AppStore|iPhone
		AppStore|iPhoneSimulator = AppStore|iPhoneSimulator
		AppStore|x64 = AppStore|x64
		AppStore|x86 = AppStore|x86
		Debug|Any CPU = Debug|Any CPU
		Debug|ARM = Debug|ARM
		Debug|iPhone = Debug|iPhone
		Debug|iPhoneSimulator = Debug|iPhoneSimulator
		Debug|x64 = Debug|x64
		Debug|x86 = Debug|x86
		Release|Any CPU = Release|Any CPU
		Release|ARM = Release|ARM
		Release|iPhone = Release|iPhone
		Release|iPhoneSimulator = Release|iPhoneSimulator
		Release|x64 = Release|x64
		Release|x86 = Release|x86
	EndGlobalSection
	GlobalSection(ProjectConfigurationPlatforms) = postSolution
		{3F91C89E-33F0-4F60-8969-2AA150B1F4C7}.Ad-Hoc|Any CPU.ActiveCfg = Release|Any CPU
		{3F91C89E-33F0-4F60-8969-2AA150B1F4C7}.Ad-Hoc|Any CPU.Build.0 = Release|Any CPU
		{3F91C89E-33F0-4F60-8969-2AA150B1F4C7}.Ad-Hoc|ARM.ActiveCfg = Release|Any CPU
		{3F91C89E-33F0-4F60-8969-2AA150B1F4C7}.Ad-Hoc|ARM.Build.0 = Release|Any CPU
		{3F91C89E-33F0-4F60-8969-2AA150B1F4C7}.Ad-Hoc|iPhone.ActiveCfg = Release|Any CPU
		{3F91C89E-33F0-4F60-8969-2AA150B1F4C7}.Ad-Hoc|iPhone.Build.0 = Release|Any CPU
		{3F91C89E-33F0-4F60-8969-2AA150B1F4C7}.Ad-Hoc|iPhoneSimulator.ActiveCfg = Release|Any CPU
		{3F91C89E-33F0-4F60-8969-2AA150B1F4C7}.Ad-Hoc|iPhoneSimulator.Build.0 = Release|Any CPU
		{3F91C89E-33F0-4F60-8969-2AA150B1F4C7}.Ad-Hoc|x64.ActiveCfg = Release|Any CPU
		{3F91C89E-33F0-4F60-8969-2AA150B1F4C7}.Ad-Hoc|x64.Build.0 = Release|Any CPU
		{3F91C89E-33F0-4F60-8969-2AA150B1F4C7}.Ad-Hoc|x86.ActiveCfg = Release|Any CPU
		{3F91C89E-33F0-4F60-8969-2AA150B1F4C7}.Ad-Hoc|x86.Build.0 = Release|Any CPU
		{3F91C89E-33F0-4F60-8969-2AA150B1F4C7}.AppStore|Any CPU.ActiveCfg = Release|Any CPU
		{3F91C89E-33F0-4F60-8969-2AA150B1F4C7}.AppStore|Any CPU.Build.0 = Release|Any CPU
		{3F91C89E-33F0-4F60-8969-2AA150B1F4C7}.AppStore|ARM.ActiveCfg = Release|Any CPU
		{3F91C89E-33F0-4F60-8969-2AA150B1F4C7}.AppStore|ARM.Build.0 = Release|Any CPU
		{3F91C89E-33F0-4F60-8969-2AA150B1F4C7}.AppStore|iPhone.ActiveCfg = Release|Any CPU
		{3F91C89E-33F0-4F60-8969-2AA150B1F4C7}.AppStore|iPhone.Build.0 = Release|Any CPU
		{3F91C89E-33F0-4F60-8969-2AA150B1F4C7}.AppStore|iPhoneSimulator.ActiveCfg = Release|Any CPU
		{3F91C89E-33F0-4F60-8969-2AA150B1F4C7}.AppStore|iPhoneSimulator.Build.0 = Release|Any CPU
		{3F91C89E-33F0-4F60-8969-2AA150B1F4C7}.AppStore|x64.ActiveCfg = Release|Any CPU
		{3F91C89E-33F0-4F60-8969-2AA150B1F4C7}.AppStore|x64.Build.0 = Release|Any CPU
		{3F91C89E-33F0-4F60-8969-2AA150B1F4C7}.AppStore|x86.ActiveCfg = Release|Any CPU
		{3F91C89E-33F0-4F60-8969-2AA150B1F4C7}.AppStore|x86.Build.0 = Release|Any CPU
		{3F91C89E-33F0-4F60-8969-2AA150B1F4C7}.Debug|Any CPU.ActiveCfg = Debug|Any CPU
		{3F91C89E-33F0-4F60-8969-2AA150B1F4C7}.Debug|Any CPU.Build.0 = Debug|Any CPU
		{3F91C89E-33F0-4F60-8969-2AA150B1F4C7}.Debug|ARM.ActiveCfg = Debug|Any CPU
		{3F91C89E-33F0-4F60-8969-2AA150B1F4C7}.Debug|ARM.Build.0 = Debug|Any CPU
		{3F91C89E-33F0-4F60-8969-2AA150B1F4C7}.Debug|iPhone.ActiveCfg = Debug|Any CPU
		{3F91C89E-33F0-4F60-8969-2AA150B1F4C7}.Debug|iPhone.Build.0 = Debug|Any CPU
		{3F91C89E-33F0-4F60-8969-2AA150B1F4C7}.Debug|iPhoneSimulator.ActiveCfg = Debug|Any CPU
		{3F91C89E-33F0-4F60-8969-2AA150B1F4C7}.Debug|iPhoneSimulator.Build.0 = Debug|Any CPU
		{3F91C89E-33F0-4F60-8969-2AA150B1F4C7}.Debug|x64.ActiveCfg = Debug|Any CPU
		{3F91C89E-33F0-4F60-8969-2AA150B1F4C7}.Debug|x64.Build.0 = Debug|Any CPU
		{3F91C89E-33F0-4F60-8969-2AA150B1F4C7}.Debug|x86.ActiveCfg = Debug|Any CPU
		{3F91C89E-33F0-4F60-8969-2AA150B1F4C7}.Debug|x86.Build.0 = Debug|Any CPU
		{3F91C89E-33F0-4F60-8969-2AA150B1F4C7}.Release|Any CPU.ActiveCfg = Release|Any CPU
		{3F91C89E-33F0-4F60-8969-2AA150B1F4C7}.Release|Any CPU.Build.0 = Release|Any CPU
		{3F91C89E-33F0-4F60-8969-2AA150B1F4C7}.Release|ARM.ActiveCfg = Release|Any CPU
		{3F91C89E-33F0-4F60-8969-2AA150B1F4C7}.Release|ARM.Build.0 = Release|Any CPU
		{3F91C89E-33F0-4F60-8969-2AA150B1F4C7}.Release|iPhone.ActiveCfg = Release|Any CPU
		{3F91C89E-33F0-4F60-8969-2AA150B1F4C7}.Release|iPhone.Build.0 = Release|Any CPU
		{3F91C89E-33F0-4F60-8969-2AA150B1F4C7}.Release|iPhoneSimulator.ActiveCfg = Release|Any CPU
		{3F91C89E-33F0-4F60-8969-2AA150B1F4C7}.Release|iPhoneSimulator.Build.0 = Release|Any CPU
		{3F91C89E-33F0-4F60-8969-2AA150B1F4C7}.Release|x64.ActiveCfg = Release|Any CPU
		{3F91C89E-33F0-4F60-8969-2AA150B1F4C7}.Release|x64.Build.0 = Release|Any CPU
		{3F91C89E-33F0-4F60-8969-2AA150B1F4C7}.Release|x86.ActiveCfg = Release|Any CPU
		{3F91C89E-33F0-4F60-8969-2AA150B1F4C7}.Release|x86.Build.0 = Release|Any CPU
		{05676A5B-F8BF-4318-8474-8DF0E8033A76}.Ad-Hoc|Any CPU.ActiveCfg = Release|Any CPU
		{05676A5B-F8BF-4318-8474-8DF0E8033A76}.Ad-Hoc|Any CPU.Build.0 = Release|Any CPU
		{05676A5B-F8BF-4318-8474-8DF0E8033A76}.Ad-Hoc|ARM.ActiveCfg = Release|Any CPU
		{05676A5B-F8BF-4318-8474-8DF0E8033A76}.Ad-Hoc|ARM.Build.0 = Release|Any CPU
		{05676A5B-F8BF-4318-8474-8DF0E8033A76}.Ad-Hoc|iPhone.ActiveCfg = Release|Any CPU
		{05676A5B-F8BF-4318-8474-8DF0E8033A76}.Ad-Hoc|iPhone.Build.0 = Release|Any CPU
		{05676A5B-F8BF-4318-8474-8DF0E8033A76}.Ad-Hoc|iPhoneSimulator.ActiveCfg = Release|Any CPU
		{05676A5B-F8BF-4318-8474-8DF0E8033A76}.Ad-Hoc|iPhoneSimulator.Build.0 = Release|Any CPU
		{05676A5B-F8BF-4318-8474-8DF0E8033A76}.Ad-Hoc|x64.ActiveCfg = Release|Any CPU
		{05676A5B-F8BF-4318-8474-8DF0E8033A76}.Ad-Hoc|x64.Build.0 = Release|Any CPU
		{05676A5B-F8BF-4318-8474-8DF0E8033A76}.Ad-Hoc|x86.ActiveCfg = Release|Any CPU
		{05676A5B-F8BF-4318-8474-8DF0E8033A76}.Ad-Hoc|x86.Build.0 = Release|Any CPU
		{05676A5B-F8BF-4318-8474-8DF0E8033A76}.AppStore|Any CPU.ActiveCfg = Release|Any CPU
		{05676A5B-F8BF-4318-8474-8DF0E8033A76}.AppStore|Any CPU.Build.0 = Release|Any CPU
		{05676A5B-F8BF-4318-8474-8DF0E8033A76}.AppStore|ARM.ActiveCfg = Release|Any CPU
		{05676A5B-F8BF-4318-8474-8DF0E8033A76}.AppStore|ARM.Build.0 = Release|Any CPU
		{05676A5B-F8BF-4318-8474-8DF0E8033A76}.AppStore|iPhone.ActiveCfg = Release|Any CPU
		{05676A5B-F8BF-4318-8474-8DF0E8033A76}.AppStore|iPhone.Build.0 = Release|Any CPU
		{05676A5B-F8BF-4318-8474-8DF0E8033A76}.AppStore|iPhoneSimulator.ActiveCfg = Release|Any CPU
		{05676A5B-F8BF-4318-8474-8DF0E8033A76}.AppStore|iPhoneSimulator.Build.0 = Release|Any CPU
		{05676A5B-F8BF-4318-8474-8DF0E8033A76}.AppStore|x64.ActiveCfg = Release|Any CPU
		{05676A5B-F8BF-4318-8474-8DF0E8033A76}.AppStore|x64.Build.0 = Release|Any CPU
		{05676A5B-F8BF-4318-8474-8DF0E8033A76}.AppStore|x86.ActiveCfg = Release|Any CPU
		{05676A5B-F8BF-4318-8474-8DF0E8033A76}.AppStore|x86.Build.0 = Release|Any CPU
		{05676A5B-F8BF-4318-8474-8DF0E8033A76}.Debug|Any CPU.ActiveCfg = Debug|Any CPU
		{05676A5B-F8BF-4318-8474-8DF0E8033A76}.Debug|Any CPU.Build.0 = Debug|Any CPU
		{05676A5B-F8BF-4318-8474-8DF0E8033A76}.Debug|ARM.ActiveCfg = Debug|Any CPU
		{05676A5B-F8BF-4318-8474-8DF0E8033A76}.Debug|ARM.Build.0 = Debug|Any CPU
		{05676A5B-F8BF-4318-8474-8DF0E8033A76}.Debug|iPhone.ActiveCfg = Debug|Any CPU
		{05676A5B-F8BF-4318-8474-8DF0E8033A76}.Debug|iPhone.Build.0 = Debug|Any CPU
		{05676A5B-F8BF-4318-8474-8DF0E8033A76}.Debug|iPhoneSimulator.ActiveCfg = Debug|Any CPU
		{05676A5B-F8BF-4318-8474-8DF0E8033A76}.Debug|iPhoneSimulator.Build.0 = Debug|Any CPU
		{05676A5B-F8BF-4318-8474-8DF0E8033A76}.Debug|x64.ActiveCfg = Debug|Any CPU
		{05676A5B-F8BF-4318-8474-8DF0E8033A76}.Debug|x64.Build.0 = Debug|Any CPU
		{05676A5B-F8BF-4318-8474-8DF0E8033A76}.Debug|x86.ActiveCfg = Debug|Any CPU
		{05676A5B-F8BF-4318-8474-8DF0E8033A76}.Debug|x86.Build.0 = Debug|Any CPU
		{05676A5B-F8BF-4318-8474-8DF0E8033A76}.Release|Any CPU.ActiveCfg = Release|Any CPU
		{05676A5B-F8BF-4318-8474-8DF0E8033A76}.Release|Any CPU.Build.0 = Release|Any CPU
		{05676A5B-F8BF-4318-8474-8DF0E8033A76}.Release|ARM.ActiveCfg = Release|Any CPU
		{05676A5B-F8BF-4318-8474-8DF0E8033A76}.Release|ARM.Build.0 = Release|Any CPU
		{05676A5B-F8BF-4318-8474-8DF0E8033A76}.Release|iPhone.ActiveCfg = Release|Any CPU
		{05676A5B-F8BF-4318-8474-8DF0E8033A76}.Release|iPhone.Build.0 = Release|Any CPU
		{05676A5B-F8BF-4318-8474-8DF0E8033A76}.Release|iPhoneSimulator.ActiveCfg = Release|Any CPU
		{05676A5B-F8BF-4318-8474-8DF0E8033A76}.Release|iPhoneSimulator.Build.0 = Release|Any CPU
		{05676A5B-F8BF-4318-8474-8DF0E8033A76}.Release|x64.ActiveCfg = Release|Any CPU
		{05676A5B-F8BF-4318-8474-8DF0E8033A76}.Release|x64.Build.0 = Release|Any CPU
		{05676A5B-F8BF-4318-8474-8DF0E8033A76}.Release|x86.ActiveCfg = Release|Any CPU
		{05676A5B-F8BF-4318-8474-8DF0E8033A76}.Release|x86.Build.0 = Release|Any CPU
		{94906553-8461-4AD4-B488-FADD9CE422B6}.Ad-Hoc|Any CPU.ActiveCfg = Release|Any CPU
		{94906553-8461-4AD4-B488-FADD9CE422B6}.Ad-Hoc|Any CPU.Build.0 = Release|Any CPU
		{94906553-8461-4AD4-B488-FADD9CE422B6}.Ad-Hoc|ARM.ActiveCfg = Release|Any CPU
		{94906553-8461-4AD4-B488-FADD9CE422B6}.Ad-Hoc|ARM.Build.0 = Release|Any CPU
		{94906553-8461-4AD4-B488-FADD9CE422B6}.Ad-Hoc|iPhone.ActiveCfg = Release|Any CPU
		{94906553-8461-4AD4-B488-FADD9CE422B6}.Ad-Hoc|iPhone.Build.0 = Release|Any CPU
		{94906553-8461-4AD4-B488-FADD9CE422B6}.Ad-Hoc|iPhoneSimulator.ActiveCfg = Release|Any CPU
		{94906553-8461-4AD4-B488-FADD9CE422B6}.Ad-Hoc|iPhoneSimulator.Build.0 = Release|Any CPU
		{94906553-8461-4AD4-B488-FADD9CE422B6}.Ad-Hoc|x64.ActiveCfg = Release|Any CPU
		{94906553-8461-4AD4-B488-FADD9CE422B6}.Ad-Hoc|x64.Build.0 = Release|Any CPU
		{94906553-8461-4AD4-B488-FADD9CE422B6}.Ad-Hoc|x86.ActiveCfg = Release|Any CPU
		{94906553-8461-4AD4-B488-FADD9CE422B6}.Ad-Hoc|x86.Build.0 = Release|Any CPU
		{94906553-8461-4AD4-B488-FADD9CE422B6}.AppStore|Any CPU.ActiveCfg = Release|Any CPU
		{94906553-8461-4AD4-B488-FADD9CE422B6}.AppStore|Any CPU.Build.0 = Release|Any CPU
		{94906553-8461-4AD4-B488-FADD9CE422B6}.AppStore|ARM.ActiveCfg = Release|Any CPU
		{94906553-8461-4AD4-B488-FADD9CE422B6}.AppStore|ARM.Build.0 = Release|Any CPU
		{94906553-8461-4AD4-B488-FADD9CE422B6}.AppStore|iPhone.ActiveCfg = Release|Any CPU
		{94906553-8461-4AD4-B488-FADD9CE422B6}.AppStore|iPhone.Build.0 = Release|Any CPU
		{94906553-8461-4AD4-B488-FADD9CE422B6}.AppStore|iPhoneSimulator.ActiveCfg = Release|Any CPU
		{94906553-8461-4AD4-B488-FADD9CE422B6}.AppStore|iPhoneSimulator.Build.0 = Release|Any CPU
		{94906553-8461-4AD4-B488-FADD9CE422B6}.AppStore|x64.ActiveCfg = Release|Any CPU
		{94906553-8461-4AD4-B488-FADD9CE422B6}.AppStore|x64.Build.0 = Release|Any CPU
		{94906553-8461-4AD4-B488-FADD9CE422B6}.AppStore|x86.ActiveCfg = Release|Any CPU
		{94906553-8461-4AD4-B488-FADD9CE422B6}.AppStore|x86.Build.0 = Release|Any CPU
		{94906553-8461-4AD4-B488-FADD9CE422B6}.Debug|Any CPU.ActiveCfg = Debug|Any CPU
		{94906553-8461-4AD4-B488-FADD9CE422B6}.Debug|Any CPU.Build.0 = Debug|Any CPU
		{94906553-8461-4AD4-B488-FADD9CE422B6}.Debug|ARM.ActiveCfg = Debug|Any CPU
		{94906553-8461-4AD4-B488-FADD9CE422B6}.Debug|ARM.Build.0 = Debug|Any CPU
		{94906553-8461-4AD4-B488-FADD9CE422B6}.Debug|iPhone.ActiveCfg = Debug|Any CPU
		{94906553-8461-4AD4-B488-FADD9CE422B6}.Debug|iPhone.Build.0 = Debug|Any CPU
		{94906553-8461-4AD4-B488-FADD9CE422B6}.Debug|iPhoneSimulator.ActiveCfg = Debug|Any CPU
		{94906553-8461-4AD4-B488-FADD9CE422B6}.Debug|iPhoneSimulator.Build.0 = Debug|Any CPU
		{94906553-8461-4AD4-B488-FADD9CE422B6}.Debug|x64.ActiveCfg = Debug|Any CPU
		{94906553-8461-4AD4-B488-FADD9CE422B6}.Debug|x64.Build.0 = Debug|Any CPU
		{94906553-8461-4AD4-B488-FADD9CE422B6}.Debug|x86.ActiveCfg = Debug|Any CPU
		{94906553-8461-4AD4-B488-FADD9CE422B6}.Debug|x86.Build.0 = Debug|Any CPU
		{94906553-8461-4AD4-B488-FADD9CE422B6}.Release|Any CPU.ActiveCfg = Release|Any CPU
		{94906553-8461-4AD4-B488-FADD9CE422B6}.Release|Any CPU.Build.0 = Release|Any CPU
		{94906553-8461-4AD4-B488-FADD9CE422B6}.Release|ARM.ActiveCfg = Release|Any CPU
		{94906553-8461-4AD4-B488-FADD9CE422B6}.Release|ARM.Build.0 = Release|Any CPU
		{94906553-8461-4AD4-B488-FADD9CE422B6}.Release|iPhone.ActiveCfg = Release|Any CPU
		{94906553-8461-4AD4-B488-FADD9CE422B6}.Release|iPhone.Build.0 = Release|Any CPU
		{94906553-8461-4AD4-B488-FADD9CE422B6}.Release|iPhoneSimulator.ActiveCfg = Release|Any CPU
		{94906553-8461-4AD4-B488-FADD9CE422B6}.Release|iPhoneSimulator.Build.0 = Release|Any CPU
		{94906553-8461-4AD4-B488-FADD9CE422B6}.Release|x64.ActiveCfg = Release|Any CPU
		{94906553-8461-4AD4-B488-FADD9CE422B6}.Release|x64.Build.0 = Release|Any CPU
		{94906553-8461-4AD4-B488-FADD9CE422B6}.Release|x86.ActiveCfg = Release|Any CPU
		{94906553-8461-4AD4-B488-FADD9CE422B6}.Release|x86.Build.0 = Release|Any CPU
		{E7F466A4-E6DD-445D-A27A-76BF87D5089A}.Ad-Hoc|Any CPU.ActiveCfg = Release|Any CPU
		{E7F466A4-E6DD-445D-A27A-76BF87D5089A}.Ad-Hoc|Any CPU.Build.0 = Release|Any CPU
		{E7F466A4-E6DD-445D-A27A-76BF87D5089A}.Ad-Hoc|ARM.ActiveCfg = Release|Any CPU
		{E7F466A4-E6DD-445D-A27A-76BF87D5089A}.Ad-Hoc|ARM.Build.0 = Release|Any CPU
		{E7F466A4-E6DD-445D-A27A-76BF87D5089A}.Ad-Hoc|iPhone.ActiveCfg = Release|Any CPU
		{E7F466A4-E6DD-445D-A27A-76BF87D5089A}.Ad-Hoc|iPhone.Build.0 = Release|Any CPU
		{E7F466A4-E6DD-445D-A27A-76BF87D5089A}.Ad-Hoc|iPhoneSimulator.ActiveCfg = Release|Any CPU
		{E7F466A4-E6DD-445D-A27A-76BF87D5089A}.Ad-Hoc|iPhoneSimulator.Build.0 = Release|Any CPU
		{E7F466A4-E6DD-445D-A27A-76BF87D5089A}.Ad-Hoc|x64.ActiveCfg = Release|Any CPU
		{E7F466A4-E6DD-445D-A27A-76BF87D5089A}.Ad-Hoc|x64.Build.0 = Release|Any CPU
		{E7F466A4-E6DD-445D-A27A-76BF87D5089A}.Ad-Hoc|x86.ActiveCfg = Release|Any CPU
		{E7F466A4-E6DD-445D-A27A-76BF87D5089A}.Ad-Hoc|x86.Build.0 = Release|Any CPU
		{E7F466A4-E6DD-445D-A27A-76BF87D5089A}.AppStore|Any CPU.ActiveCfg = Release|Any CPU
		{E7F466A4-E6DD-445D-A27A-76BF87D5089A}.AppStore|Any CPU.Build.0 = Release|Any CPU
		{E7F466A4-E6DD-445D-A27A-76BF87D5089A}.AppStore|ARM.ActiveCfg = Release|Any CPU
		{E7F466A4-E6DD-445D-A27A-76BF87D5089A}.AppStore|ARM.Build.0 = Release|Any CPU
		{E7F466A4-E6DD-445D-A27A-76BF87D5089A}.AppStore|iPhone.ActiveCfg = Release|Any CPU
		{E7F466A4-E6DD-445D-A27A-76BF87D5089A}.AppStore|iPhone.Build.0 = Release|Any CPU
		{E7F466A4-E6DD-445D-A27A-76BF87D5089A}.AppStore|iPhoneSimulator.ActiveCfg = Release|Any CPU
		{E7F466A4-E6DD-445D-A27A-76BF87D5089A}.AppStore|iPhoneSimulator.Build.0 = Release|Any CPU
		{E7F466A4-E6DD-445D-A27A-76BF87D5089A}.AppStore|x64.ActiveCfg = Release|Any CPU
		{E7F466A4-E6DD-445D-A27A-76BF87D5089A}.AppStore|x64.Build.0 = Release|Any CPU
		{E7F466A4-E6DD-445D-A27A-76BF87D5089A}.AppStore|x86.ActiveCfg = Release|Any CPU
		{E7F466A4-E6DD-445D-A27A-76BF87D5089A}.AppStore|x86.Build.0 = Release|Any CPU
		{E7F466A4-E6DD-445D-A27A-76BF87D5089A}.Debug|Any CPU.ActiveCfg = Debug|Any CPU
		{E7F466A4-E6DD-445D-A27A-76BF87D5089A}.Debug|Any CPU.Build.0 = Debug|Any CPU
		{E7F466A4-E6DD-445D-A27A-76BF87D5089A}.Debug|ARM.ActiveCfg = Debug|Any CPU
		{E7F466A4-E6DD-445D-A27A-76BF87D5089A}.Debug|ARM.Build.0 = Debug|Any CPU
		{E7F466A4-E6DD-445D-A27A-76BF87D5089A}.Debug|iPhone.ActiveCfg = Debug|Any CPU
		{E7F466A4-E6DD-445D-A27A-76BF87D5089A}.Debug|iPhone.Build.0 = Debug|Any CPU
		{E7F466A4-E6DD-445D-A27A-76BF87D5089A}.Debug|iPhoneSimulator.ActiveCfg = Debug|Any CPU
		{E7F466A4-E6DD-445D-A27A-76BF87D5089A}.Debug|iPhoneSimulator.Build.0 = Debug|Any CPU
		{E7F466A4-E6DD-445D-A27A-76BF87D5089A}.Debug|x64.ActiveCfg = Debug|Any CPU
		{E7F466A4-E6DD-445D-A27A-76BF87D5089A}.Debug|x64.Build.0 = Debug|Any CPU
		{E7F466A4-E6DD-445D-A27A-76BF87D5089A}.Debug|x86.ActiveCfg = Debug|Any CPU
		{E7F466A4-E6DD-445D-A27A-76BF87D5089A}.Debug|x86.Build.0 = Debug|Any CPU
		{E7F466A4-E6DD-445D-A27A-76BF87D5089A}.Release|Any CPU.ActiveCfg = Release|Any CPU
		{E7F466A4-E6DD-445D-A27A-76BF87D5089A}.Release|Any CPU.Build.0 = Release|Any CPU
		{E7F466A4-E6DD-445D-A27A-76BF87D5089A}.Release|ARM.ActiveCfg = Release|Any CPU
		{E7F466A4-E6DD-445D-A27A-76BF87D5089A}.Release|ARM.Build.0 = Release|Any CPU
		{E7F466A4-E6DD-445D-A27A-76BF87D5089A}.Release|iPhone.ActiveCfg = Release|Any CPU
		{E7F466A4-E6DD-445D-A27A-76BF87D5089A}.Release|iPhone.Build.0 = Release|Any CPU
		{E7F466A4-E6DD-445D-A27A-76BF87D5089A}.Release|iPhoneSimulator.ActiveCfg = Release|Any CPU
		{E7F466A4-E6DD-445D-A27A-76BF87D5089A}.Release|iPhoneSimulator.Build.0 = Release|Any CPU
		{E7F466A4-E6DD-445D-A27A-76BF87D5089A}.Release|x64.ActiveCfg = Release|Any CPU
		{E7F466A4-E6DD-445D-A27A-76BF87D5089A}.Release|x64.Build.0 = Release|Any CPU
		{E7F466A4-E6DD-445D-A27A-76BF87D5089A}.Release|x86.ActiveCfg = Release|Any CPU
		{E7F466A4-E6DD-445D-A27A-76BF87D5089A}.Release|x86.Build.0 = Release|Any CPU
	EndGlobalSection
	GlobalSection(SolutionProperties) = preSolution
		HideSolutionNode = FALSE
	EndGlobalSection
	GlobalSection(ExtensibilityGlobals) = postSolution
		SolutionGuid = {2FAA62D3-765C-4812-ABEB-9A1EC3684BD9}
	EndGlobalSection
EndGlobal
