
Microsoft Visual Studio Solution File, Format Version 12.00
# Visual Studio 15
VisualStudioVersion = 15.0.27130.2027
MinimumVisualStudioVersion = 10.0.40219.1
Project("{FAE04EC0-301F-11D3-BF4B-00C04F79EFBC}") = "DoodleConsole", "DoodleConsole\DoodleConsole.csproj", "{B76B4566-9AEC-430C-AB08-C58AFE31AAEB}"
EndProject
Project("{FAE04EC0-301F-11D3-BF4B-00C04F79EFBC}") = "DoodleWPF", "DoodleWPF\DoodleWPF.csproj", "{D3701457-631E-4CDC-B7ED-C6D10587CC10}"
	ProjectSection(ProjectDependencies) = postProject
		{94906553-8461-4AD4-B488-FADD9CE422B6} = {94906553-8461-4AD4-B488-FADD9CE422B6}
	EndProjectSection
EndProject
Project("{FAE04EC0-301F-11D3-BF4B-00C04F79EFBC}") = "DoodleModel", "DoodleModel\DoodleModel.csproj", "{3F91C89E-33F0-4F60-8969-2AA150B1F4C7}"
EndProject
Project("{FAE04EC0-301F-11D3-BF4B-00C04F79EFBC}") = "DoodleDAL", "DoodleDAL\DoodleDAL.csproj", "{05676A5B-F8BF-4318-8474-8DF0E8033A76}"
EndProject
Project("{FAE04EC0-301F-11D3-BF4B-00C04F79EFBC}") = "DoodleService", "DoodleService\DoodleService.csproj", "{94906553-8461-4AD4-B488-FADD9CE422B6}"
EndProject
Project("{FAE04EC0-301F-11D3-BF4B-00C04F79EFBC}") = "DoodleMobile.Android", "DoodleMobile\DoodleMobile.Android\DoodleMobile.Android.csproj", "{9D334147-C6F0-4999-B8A1-D0E1B245B7FD}"
EndProject
Project("{FAE04EC0-301F-11D3-BF4B-00C04F79EFBC}") = "DoodleMobile.iOS", "DoodleMobile\DoodleMobile.iOS\DoodleMobile.iOS.csproj", "{BCB5DE40-2332-47D8-A18B-1345F957E1D0}"
EndProject
Project("{FAE04EC0-301F-11D3-BF4B-00C04F79EFBC}") = "DoodleMobile.UWP", "DoodleMobile\DoodleMobile.UWP\DoodleMobile.UWP.csproj", "{E4549D7C-F075-489E-9DE5-8600F3920967}"
EndProject
Project("{FAE04EC0-301F-11D3-BF4B-00C04F79EFBC}") = "DoodleMobile", "DoodleMobile\DoodleMobile\DoodleMobile.csproj", "{F27CDD32-9CDE-41D5-BF17-AE18CFF4399F}"
EndProject
Global
	GlobalSection(SolutionConfigurationPlatforms) = preSolution
		Ad-Hoc|Any CPU = Ad-Hoc|Any CPU
		Ad-Hoc|ARM = Ad-Hoc|ARM
		Ad-Hoc|iPhone = Ad-Hoc|iPhone
		Ad-Hoc|iPhoneSimulator = Ad-Hoc|iPhoneSimulator
		Ad-Hoc|x64 = Ad-Hoc|x64
		Ad-Hoc|x86 = Ad-Hoc|x86
		AppStore|Any CPU = AppStore|Any CPU
		AppStore|ARM = AppStore|ARM
		AppStore|iPhone = AppStore|iPhone
		AppStore|iPhoneSimulator = AppStore|iPhoneSimulator
		AppStore|x64 = AppStore|x64
		AppStore|x86 = AppStore|x86
		Debug|Any CPU = Debug|Any CPU
		Debug|ARM = Debug|ARM
		Debug|iPhone = Debug|iPhone
		Debug|iPhoneSimulator = Debug|iPhoneSimulator
		Debug|x64 = Debug|x64
		Debug|x86 = Debug|x86
		Release|Any CPU = Release|Any CPU
		Release|ARM = Release|ARM
		Release|iPhone = Release|iPhone
		Release|iPhoneSimulator = Release|iPhoneSimulator
		Release|x64 = Release|x64
		Release|x86 = Release|x86
	EndGlobalSection
	GlobalSection(ProjectConfigurationPlatforms) = postSolution
		{B76B4566-9AEC-430C-AB08-C58AFE31AAEB}.Ad-Hoc|Any CPU.ActiveCfg = Release|Any CPU
		{B76B4566-9AEC-430C-AB08-C58AFE31AAEB}.Ad-Hoc|Any CPU.Build.0 = Release|Any CPU
		{B76B4566-9AEC-430C-AB08-C58AFE31AAEB}.Ad-Hoc|ARM.ActiveCfg = Release|Any CPU
		{B76B4566-9AEC-430C-AB08-C58AFE31AAEB}.Ad-Hoc|ARM.Build.0 = Release|Any CPU
		{B76B4566-9AEC-430C-AB08-C58AFE31AAEB}.Ad-Hoc|iPhone.ActiveCfg = Release|Any CPU
		{B76B4566-9AEC-430C-AB08-C58AFE31AAEB}.Ad-Hoc|iPhone.Build.0 = Release|Any CPU
		{B76B4566-9AEC-430C-AB08-C58AFE31AAEB}.Ad-Hoc|iPhoneSimulator.ActiveCfg = Release|Any CPU
		{B76B4566-9AEC-430C-AB08-C58AFE31AAEB}.Ad-Hoc|iPhoneSimulator.Build.0 = Release|Any CPU
		{B76B4566-9AEC-430C-AB08-C58AFE31AAEB}.Ad-Hoc|x64.ActiveCfg = Release|Any CPU
		{B76B4566-9AEC-430C-AB08-C58AFE31AAEB}.Ad-Hoc|x64.Build.0 = Release|Any CPU
		{B76B4566-9AEC-430C-AB08-C58AFE31AAEB}.Ad-Hoc|x86.ActiveCfg = Release|Any CPU
		{B76B4566-9AEC-430C-AB08-C58AFE31AAEB}.Ad-Hoc|x86.Build.0 = Release|Any CPU
		{B76B4566-9AEC-430C-AB08-C58AFE31AAEB}.AppStore|Any CPU.ActiveCfg = Release|Any CPU
		{B76B4566-9AEC-430C-AB08-C58AFE31AAEB}.AppStore|Any CPU.Build.0 = Release|Any CPU
		{B76B4566-9AEC-430C-AB08-C58AFE31AAEB}.AppStore|ARM.ActiveCfg = Release|Any CPU
		{B76B4566-9AEC-430C-AB08-C58AFE31AAEB}.AppStore|ARM.Build.0 = Release|Any CPU
		{B76B4566-9AEC-430C-AB08-C58AFE31AAEB}.AppStore|iPhone.ActiveCfg = Release|Any CPU
		{B76B4566-9AEC-430C-AB08-C58AFE31AAEB}.AppStore|iPhone.Build.0 = Release|Any CPU
		{B76B4566-9AEC-430C-AB08-C58AFE31AAEB}.AppStore|iPhoneSimulator.ActiveCfg = Release|Any CPU
		{B76B4566-9AEC-430C-AB08-C58AFE31AAEB}.AppStore|iPhoneSimulator.Build.0 = Release|Any CPU
		{B76B4566-9AEC-430C-AB08-C58AFE31AAEB}.AppStore|x64.ActiveCfg = Release|Any CPU
		{B76B4566-9AEC-430C-AB08-C58AFE31AAEB}.AppStore|x64.Build.0 = Release|Any CPU
		{B76B4566-9AEC-430C-AB08-C58AFE31AAEB}.AppStore|x86.ActiveCfg = Release|Any CPU
		{B76B4566-9AEC-430C-AB08-C58AFE31AAEB}.AppStore|x86.Build.0 = Release|Any CPU
		{B76B4566-9AEC-430C-AB08-C58AFE31AAEB}.Debug|Any CPU.ActiveCfg = Debug|Any CPU
		{B76B4566-9AEC-430C-AB08-C58AFE31AAEB}.Debug|Any CPU.Build.0 = Debug|Any CPU
		{B76B4566-9AEC-430C-AB08-C58AFE31AAEB}.Debug|ARM.ActiveCfg = Debug|Any CPU
		{B76B4566-9AEC-430C-AB08-C58AFE31AAEB}.Debug|ARM.Build.0 = Debug|Any CPU
		{B76B4566-9AEC-430C-AB08-C58AFE31AAEB}.Debug|iPhone.ActiveCfg = Debug|Any CPU
		{B76B4566-9AEC-430C-AB08-C58AFE31AAEB}.Debug|iPhone.Build.0 = Debug|Any CPU
		{B76B4566-9AEC-430C-AB08-C58AFE31AAEB}.Debug|iPhoneSimulator.ActiveCfg = Debug|Any CPU
		{B76B4566-9AEC-430C-AB08-C58AFE31AAEB}.Debug|iPhoneSimulator.Build.0 = Debug|Any CPU
		{B76B4566-9AEC-430C-AB08-C58AFE31AAEB}.Debug|x64.ActiveCfg = Debug|Any CPU
		{B76B4566-9AEC-430C-AB08-C58AFE31AAEB}.Debug|x64.Build.0 = Debug|Any CPU
		{B76B4566-9AEC-430C-AB08-C58AFE31AAEB}.Debug|x86.ActiveCfg = Debug|Any CPU
		{B76B4566-9AEC-430C-AB08-C58AFE31AAEB}.Debug|x86.Build.0 = Debug|Any CPU
		{B76B4566-9AEC-430C-AB08-C58AFE31AAEB}.Release|Any CPU.ActiveCfg = Release|Any CPU
		{B76B4566-9AEC-430C-AB08-C58AFE31AAEB}.Release|Any CPU.Build.0 = Release|Any CPU
		{B76B4566-9AEC-430C-AB08-C58AFE31AAEB}.Release|ARM.ActiveCfg = Release|Any CPU
		{B76B4566-9AEC-430C-AB08-C58AFE31AAEB}.Release|ARM.Build.0 = Release|Any CPU
		{B76B4566-9AEC-430C-AB08-C58AFE31AAEB}.Release|iPhone.ActiveCfg = Release|Any CPU
		{B76B4566-9AEC-430C-AB08-C58AFE31AAEB}.Release|iPhone.Build.0 = Release|Any CPU
		{B76B4566-9AEC-430C-AB08-C58AFE31AAEB}.Release|iPhoneSimulator.ActiveCfg = Release|Any CPU
		{B76B4566-9AEC-430C-AB08-C58AFE31AAEB}.Release|iPhoneSimulator.Build.0 = Release|Any CPU
		{B76B4566-9AEC-430C-AB08-C58AFE31AAEB}.Release|x64.ActiveCfg = Release|Any CPU
		{B76B4566-9AEC-430C-AB08-C58AFE31AAEB}.Release|x64.Build.0 = Release|Any CPU
		{B76B4566-9AEC-430C-AB08-C58AFE31AAEB}.Release|x86.ActiveCfg = Release|Any CPU
		{B76B4566-9AEC-430C-AB08-C58AFE31AAEB}.Release|x86.Build.0 = Release|Any CPU
		{D3701457-631E-4CDC-B7ED-C6D10587CC10}.Ad-Hoc|Any CPU.ActiveCfg = Release|Any CPU
		{D3701457-631E-4CDC-B7ED-C6D10587CC10}.Ad-Hoc|Any CPU.Build.0 = Release|Any CPU
		{D3701457-631E-4CDC-B7ED-C6D10587CC10}.Ad-Hoc|ARM.ActiveCfg = Release|Any CPU
		{D3701457-631E-4CDC-B7ED-C6D10587CC10}.Ad-Hoc|ARM.Build.0 = Release|Any CPU
		{D3701457-631E-4CDC-B7ED-C6D10587CC10}.Ad-Hoc|iPhone.ActiveCfg = Release|Any CPU
		{D3701457-631E-4CDC-B7ED-C6D10587CC10}.Ad-Hoc|iPhone.Build.0 = Release|Any CPU
		{D3701457-631E-4CDC-B7ED-C6D10587CC10}.Ad-Hoc|iPhoneSimulator.ActiveCfg = Release|Any CPU
		{D3701457-631E-4CDC-B7ED-C6D10587CC10}.Ad-Hoc|iPhoneSimulator.Build.0 = Release|Any CPU
		{D3701457-631E-4CDC-B7ED-C6D10587CC10}.Ad-Hoc|x64.ActiveCfg = Release|Any CPU
		{D3701457-631E-4CDC-B7ED-C6D10587CC10}.Ad-Hoc|x64.Build.0 = Release|Any CPU
		{D3701457-631E-4CDC-B7ED-C6D10587CC10}.Ad-Hoc|x86.ActiveCfg = Release|Any CPU
		{D3701457-631E-4CDC-B7ED-C6D10587CC10}.Ad-Hoc|x86.Build.0 = Release|Any CPU
		{D3701457-631E-4CDC-B7ED-C6D10587CC10}.AppStore|Any CPU.ActiveCfg = Release|Any CPU
		{D3701457-631E-4CDC-B7ED-C6D10587CC10}.AppStore|Any CPU.Build.0 = Release|Any CPU
		{D3701457-631E-4CDC-B7ED-C6D10587CC10}.AppStore|ARM.ActiveCfg = Release|Any CPU
		{D3701457-631E-4CDC-B7ED-C6D10587CC10}.AppStore|ARM.Build.0 = Release|Any CPU
		{D3701457-631E-4CDC-B7ED-C6D10587CC10}.AppStore|iPhone.ActiveCfg = Release|Any CPU
		{D3701457-631E-4CDC-B7ED-C6D10587CC10}.AppStore|iPhone.Build.0 = Release|Any CPU
		{D3701457-631E-4CDC-B7ED-C6D10587CC10}.AppStore|iPhoneSimulator.ActiveCfg = Release|Any CPU
		{D3701457-631E-4CDC-B7ED-C6D10587CC10}.AppStore|iPhoneSimulator.Build.0 = Release|Any CPU
		{D3701457-631E-4CDC-B7ED-C6D10587CC10}.AppStore|x64.ActiveCfg = Release|Any CPU
		{D3701457-631E-4CDC-B7ED-C6D10587CC10}.AppStore|x64.Build.0 = Release|Any CPU
		{D3701457-631E-4CDC-B7ED-C6D10587CC10}.AppStore|x86.ActiveCfg = Release|Any CPU
		{D3701457-631E-4CDC-B7ED-C6D10587CC10}.AppStore|x86.Build.0 = Release|Any CPU
		{D3701457-631E-4CDC-B7ED-C6D10587CC10}.Debug|Any CPU.ActiveCfg = Debug|Any CPU
		{D3701457-631E-4CDC-B7ED-C6D10587CC10}.Debug|Any CPU.Build.0 = Debug|Any CPU
		{D3701457-631E-4CDC-B7ED-C6D10587CC10}.Debug|ARM.ActiveCfg = Debug|Any CPU
		{D3701457-631E-4CDC-B7ED-C6D10587CC10}.Debug|ARM.Build.0 = Debug|Any CPU
		{D3701457-631E-4CDC-B7ED-C6D10587CC10}.Debug|iPhone.ActiveCfg = Debug|Any CPU
		{D3701457-631E-4CDC-B7ED-C6D10587CC10}.Debug|iPhone.Build.0 = Debug|Any CPU
		{D3701457-631E-4CDC-B7ED-C6D10587CC10}.Debug|iPhoneSimulator.ActiveCfg = Debug|Any CPU
		{D3701457-631E-4CDC-B7ED-C6D10587CC10}.Debug|iPhoneSimulator.Build.0 = Debug|Any CPU
		{D3701457-631E-4CDC-B7ED-C6D10587CC10}.Debug|x64.ActiveCfg = Debug|Any CPU
		{D3701457-631E-4CDC-B7ED-C6D10587CC10}.Debug|x64.Build.0 = Debug|Any CPU
		{D3701457-631E-4CDC-B7ED-C6D10587CC10}.Debug|x86.ActiveCfg = Debug|Any CPU
		{D3701457-631E-4CDC-B7ED-C6D10587CC10}.Debug|x86.Build.0 = Debug|Any CPU
		{D3701457-631E-4CDC-B7ED-C6D10587CC10}.Release|Any CPU.ActiveCfg = Release|Any CPU
		{D3701457-631E-4CDC-B7ED-C6D10587CC10}.Release|Any CPU.Build.0 = Release|Any CPU
		{D3701457-631E-4CDC-B7ED-C6D10587CC10}.Release|ARM.ActiveCfg = Release|Any CPU
		{D3701457-631E-4CDC-B7ED-C6D10587CC10}.Release|ARM.Build.0 = Release|Any CPU
		{D3701457-631E-4CDC-B7ED-C6D10587CC10}.Release|iPhone.ActiveCfg = Release|Any CPU
		{D3701457-631E-4CDC-B7ED-C6D10587CC10}.Release|iPhone.Build.0 = Release|Any CPU
		{D3701457-631E-4CDC-B7ED-C6D10587CC10}.Release|iPhoneSimulator.ActiveCfg = Release|Any CPU
		{D3701457-631E-4CDC-B7ED-C6D10587CC10}.Release|iPhoneSimulator.Build.0 = Release|Any CPU
		{D3701457-631E-4CDC-B7ED-C6D10587CC10}.Release|x64.ActiveCfg = Release|Any CPU
		{D3701457-631E-4CDC-B7ED-C6D10587CC10}.Release|x64.Build.0 = Release|Any CPU
		{D3701457-631E-4CDC-B7ED-C6D10587CC10}.Release|x86.ActiveCfg = Release|Any CPU
		{D3701457-631E-4CDC-B7ED-C6D10587CC10}.Release|x86.Build.0 = Release|Any CPU
		{3F91C89E-33F0-4F60-8969-2AA150B1F4C7}.Ad-Hoc|Any CPU.ActiveCfg = Release|Any CPU
		{3F91C89E-33F0-4F60-8969-2AA150B1F4C7}.Ad-Hoc|Any CPU.Build.0 = Release|Any CPU
		{3F91C89E-33F0-4F60-8969-2AA150B1F4C7}.Ad-Hoc|ARM.ActiveCfg = Release|Any CPU
		{3F91C89E-33F0-4F60-8969-2AA150B1F4C7}.Ad-Hoc|ARM.Build.0 = Release|Any CPU
		{3F91C89E-33F0-4F60-8969-2AA150B1F4C7}.Ad-Hoc|iPhone.ActiveCfg = Release|Any CPU
		{3F91C89E-33F0-4F60-8969-2AA150B1F4C7}.Ad-Hoc|iPhone.Build.0 = Release|Any CPU
		{3F91C89E-33F0-4F60-8969-2AA150B1F4C7}.Ad-Hoc|iPhoneSimulator.ActiveCfg = Release|Any CPU
		{3F91C89E-33F0-4F60-8969-2AA150B1F4C7}.Ad-Hoc|iPhoneSimulator.Build.0 = Release|Any CPU
		{3F91C89E-33F0-4F60-8969-2AA150B1F4C7}.Ad-Hoc|x64.ActiveCfg = Release|Any CPU
		{3F91C89E-33F0-4F60-8969-2AA150B1F4C7}.Ad-Hoc|x64.Build.0 = Release|Any CPU
		{3F91C89E-33F0-4F60-8969-2AA150B1F4C7}.Ad-Hoc|x86.ActiveCfg = Release|Any CPU
		{3F91C89E-33F0-4F60-8969-2AA150B1F4C7}.Ad-Hoc|x86.Build.0 = Release|Any CPU
		{3F91C89E-33F0-4F60-8969-2AA150B1F4C7}.AppStore|Any CPU.ActiveCfg = Release|Any CPU
		{3F91C89E-33F0-4F60-8969-2AA150B1F4C7}.AppStore|Any CPU.Build.0 = Release|Any CPU
		{3F91C89E-33F0-4F60-8969-2AA150B1F4C7}.AppStore|ARM.ActiveCfg = Release|Any CPU
		{3F91C89E-33F0-4F60-8969-2AA150B1F4C7}.AppStore|ARM.Build.0 = Release|Any CPU
		{3F91C89E-33F0-4F60-8969-2AA150B1F4C7}.AppStore|iPhone.ActiveCfg = Release|Any CPU
		{3F91C89E-33F0-4F60-8969-2AA150B1F4C7}.AppStore|iPhone.Build.0 = Release|Any CPU
		{3F91C89E-33F0-4F60-8969-2AA150B1F4C7}.AppStore|iPhoneSimulator.ActiveCfg = Release|Any CPU
		{3F91C89E-33F0-4F60-8969-2AA150B1F4C7}.AppStore|iPhoneSimulator.Build.0 = Release|Any CPU
		{3F91C89E-33F0-4F60-8969-2AA150B1F4C7}.AppStore|x64.ActiveCfg = Release|Any CPU
		{3F91C89E-33F0-4F60-8969-2AA150B1F4C7}.AppStore|x64.Build.0 = Release|Any CPU
		{3F91C89E-33F0-4F60-8969-2AA150B1F4C7}.AppStore|x86.ActiveCfg = Release|Any CPU
		{3F91C89E-33F0-4F60-8969-2AA150B1F4C7}.AppStore|x86.Build.0 = Release|Any CPU
		{3F91C89E-33F0-4F60-8969-2AA150B1F4C7}.Debug|Any CPU.ActiveCfg = Debug|Any CPU
		{3F91C89E-33F0-4F60-8969-2AA150B1F4C7}.Debug|Any CPU.Build.0 = Debug|Any CPU
		{3F91C89E-33F0-4F60-8969-2AA150B1F4C7}.Debug|ARM.ActiveCfg = Debug|Any CPU
		{3F91C89E-33F0-4F60-8969-2AA150B1F4C7}.Debug|ARM.Build.0 = Debug|Any CPU
		{3F91C89E-33F0-4F60-8969-2AA150B1F4C7}.Debug|iPhone.ActiveCfg = Debug|Any CPU
		{3F91C89E-33F0-4F60-8969-2AA150B1F4C7}.Debug|iPhone.Build.0 = Debug|Any CPU
		{3F91C89E-33F0-4F60-8969-2AA150B1F4C7}.Debug|iPhoneSimulator.ActiveCfg = Debug|Any CPU
		{3F91C89E-33F0-4F60-8969-2AA150B1F4C7}.Debug|iPhoneSimulator.Build.0 = Debug|Any CPU
		{3F91C89E-33F0-4F60-8969-2AA150B1F4C7}.Debug|x64.ActiveCfg = Debug|Any CPU
		{3F91C89E-33F0-4F60-8969-2AA150B1F4C7}.Debug|x64.Build.0 = Debug|Any CPU
		{3F91C89E-33F0-4F60-8969-2AA150B1F4C7}.Debug|x86.ActiveCfg = Debug|Any CPU
		{3F91C89E-33F0-4F60-8969-2AA150B1F4C7}.Debug|x86.Build.0 = Debug|Any CPU
		{3F91C89E-33F0-4F60-8969-2AA150B1F4C7}.Release|Any CPU.ActiveCfg = Release|Any CPU
		{3F91C89E-33F0-4F60-8969-2AA150B1F4C7}.Release|Any CPU.Build.0 = Release|Any CPU
		{3F91C89E-33F0-4F60-8969-2AA150B1F4C7}.Release|ARM.ActiveCfg = Release|Any CPU
		{3F91C89E-33F0-4F60-8969-2AA150B1F4C7}.Release|ARM.Build.0 = Release|Any CPU
		{3F91C89E-33F0-4F60-8969-2AA150B1F4C7}.Release|iPhone.ActiveCfg = Release|Any CPU
		{3F91C89E-33F0-4F60-8969-2AA150B1F4C7}.Release|iPhone.Build.0 = Release|Any CPU
		{3F91C89E-33F0-4F60-8969-2AA150B1F4C7}.Release|iPhoneSimulator.ActiveCfg = Release|Any CPU
		{3F91C89E-33F0-4F60-8969-2AA150B1F4C7}.Release|iPhoneSimulator.Build.0 = Release|Any CPU
		{3F91C89E-33F0-4F60-8969-2AA150B1F4C7}.Release|x64.ActiveCfg = Release|Any CPU
		{3F91C89E-33F0-4F60-8969-2AA150B1F4C7}.Release|x64.Build.0 = Release|Any CPU
		{3F91C89E-33F0-4F60-8969-2AA150B1F4C7}.Release|x86.ActiveCfg = Release|Any CPU
		{3F91C89E-33F0-4F60-8969-2AA150B1F4C7}.Release|x86.Build.0 = Release|Any CPU
		{05676A5B-F8BF-4318-8474-8DF0E8033A76}.Ad-Hoc|Any CPU.ActiveCfg = Release|Any CPU
		{05676A5B-F8BF-4318-8474-8DF0E8033A76}.Ad-Hoc|Any CPU.Build.0 = Release|Any CPU
		{05676A5B-F8BF-4318-8474-8DF0E8033A76}.Ad-Hoc|ARM.ActiveCfg = Release|Any CPU
		{05676A5B-F8BF-4318-8474-8DF0E8033A76}.Ad-Hoc|ARM.Build.0 = Release|Any CPU
		{05676A5B-F8BF-4318-8474-8DF0E8033A76}.Ad-Hoc|iPhone.ActiveCfg = Release|Any CPU
		{05676A5B-F8BF-4318-8474-8DF0E8033A76}.Ad-Hoc|iPhone.Build.0 = Release|Any CPU
		{05676A5B-F8BF-4318-8474-8DF0E8033A76}.Ad-Hoc|iPhoneSimulator.ActiveCfg = Release|Any CPU
		{05676A5B-F8BF-4318-8474-8DF0E8033A76}.Ad-Hoc|iPhoneSimulator.Build.0 = Release|Any CPU
		{05676A5B-F8BF-4318-8474-8DF0E8033A76}.Ad-Hoc|x64.ActiveCfg = Release|Any CPU
		{05676A5B-F8BF-4318-8474-8DF0E8033A76}.Ad-Hoc|x64.Build.0 = Release|Any CPU
		{05676A5B-F8BF-4318-8474-8DF0E8033A76}.Ad-Hoc|x86.ActiveCfg = Release|Any CPU
		{05676A5B-F8BF-4318-8474-8DF0E8033A76}.Ad-Hoc|x86.Build.0 = Release|Any CPU
		{05676A5B-F8BF-4318-8474-8DF0E8033A76}.AppStore|Any CPU.ActiveCfg = Release|Any CPU
		{05676A5B-F8BF-4318-8474-8DF0E8033A76}.AppStore|Any CPU.Build.0 = Release|Any CPU
		{05676A5B-F8BF-4318-8474-8DF0E8033A76}.AppStore|ARM.ActiveCfg = Release|Any CPU
		{05676A5B-F8BF-4318-8474-8DF0E8033A76}.AppStore|ARM.Build.0 = Release|Any CPU
		{05676A5B-F8BF-4318-8474-8DF0E8033A76}.AppStore|iPhone.ActiveCfg = Release|Any CPU
		{05676A5B-F8BF-4318-8474-8DF0E8033A76}.AppStore|iPhone.Build.0 = Release|Any CPU
		{05676A5B-F8BF-4318-8474-8DF0E8033A76}.AppStore|iPhoneSimulator.ActiveCfg = Release|Any CPU
		{05676A5B-F8BF-4318-8474-8DF0E8033A76}.AppStore|iPhoneSimulator.Build.0 = Release|Any CPU
		{05676A5B-F8BF-4318-8474-8DF0E8033A76}.AppStore|x64.ActiveCfg = Release|Any CPU
		{05676A5B-F8BF-4318-8474-8DF0E8033A76}.AppStore|x64.Build.0 = Release|Any CPU
		{05676A5B-F8BF-4318-8474-8DF0E8033A76}.AppStore|x86.ActiveCfg = Release|Any CPU
		{05676A5B-F8BF-4318-8474-8DF0E8033A76}.AppStore|x86.Build.0 = Release|Any CPU
		{05676A5B-F8BF-4318-8474-8DF0E8033A76}.Debug|Any CPU.ActiveCfg = Debug|Any CPU
		{05676A5B-F8BF-4318-8474-8DF0E8033A76}.Debug|Any CPU.Build.0 = Debug|Any CPU
		{05676A5B-F8BF-4318-8474-8DF0E8033A76}.Debug|ARM.ActiveCfg = Debug|Any CPU
		{05676A5B-F8BF-4318-8474-8DF0E8033A76}.Debug|ARM.Build.0 = Debug|Any CPU
		{05676A5B-F8BF-4318-8474-8DF0E8033A76}.Debug|iPhone.ActiveCfg = Debug|Any CPU
		{05676A5B-F8BF-4318-8474-8DF0E8033A76}.Debug|iPhone.Build.0 = Debug|Any CPU
		{05676A5B-F8BF-4318-8474-8DF0E8033A76}.Debug|iPhoneSimulator.ActiveCfg = Debug|Any CPU
		{05676A5B-F8BF-4318-8474-8DF0E8033A76}.Debug|iPhoneSimulator.Build.0 = Debug|Any CPU
		{05676A5B-F8BF-4318-8474-8DF0E8033A76}.Debug|x64.ActiveCfg = Debug|Any CPU
		{05676A5B-F8BF-4318-8474-8DF0E8033A76}.Debug|x64.Build.0 = Debug|Any CPU
		{05676A5B-F8BF-4318-8474-8DF0E8033A76}.Debug|x86.ActiveCfg = Debug|Any CPU
		{05676A5B-F8BF-4318-8474-8DF0E8033A76}.Debug|x86.Build.0 = Debug|Any CPU
		{05676A5B-F8BF-4318-8474-8DF0E8033A76}.Release|Any CPU.ActiveCfg = Release|Any CPU
		{05676A5B-F8BF-4318-8474-8DF0E8033A76}.Release|Any CPU.Build.0 = Release|Any CPU
		{05676A5B-F8BF-4318-8474-8DF0E8033A76}.Release|ARM.ActiveCfg = Release|Any CPU
		{05676A5B-F8BF-4318-8474-8DF0E8033A76}.Release|ARM.Build.0 = Release|Any CPU
		{05676A5B-F8BF-4318-8474-8DF0E8033A76}.Release|iPhone.ActiveCfg = Release|Any CPU
		{05676A5B-F8BF-4318-8474-8DF0E8033A76}.Release|iPhone.Build.0 = Release|Any CPU
		{05676A5B-F8BF-4318-8474-8DF0E8033A76}.Release|iPhoneSimulator.ActiveCfg = Release|Any CPU
		{05676A5B-F8BF-4318-8474-8DF0E8033A76}.Release|iPhoneSimulator.Build.0 = Release|Any CPU
		{05676A5B-F8BF-4318-8474-8DF0E8033A76}.Release|x64.ActiveCfg = Release|Any CPU
		{05676A5B-F8BF-4318-8474-8DF0E8033A76}.Release|x64.Build.0 = Release|Any CPU
		{05676A5B-F8BF-4318-8474-8DF0E8033A76}.Release|x86.ActiveCfg = Release|Any CPU
		{05676A5B-F8BF-4318-8474-8DF0E8033A76}.Release|x86.Build.0 = Release|Any CPU
		{94906553-8461-4AD4-B488-FADD9CE422B6}.Ad-Hoc|Any CPU.ActiveCfg = Release|Any CPU
		{94906553-8461-4AD4-B488-FADD9CE422B6}.Ad-Hoc|Any CPU.Build.0 = Release|Any CPU
		{94906553-8461-4AD4-B488-FADD9CE422B6}.Ad-Hoc|ARM.ActiveCfg = Release|Any CPU
		{94906553-8461-4AD4-B488-FADD9CE422B6}.Ad-Hoc|ARM.Build.0 = Release|Any CPU
		{94906553-8461-4AD4-B488-FADD9CE422B6}.Ad-Hoc|iPhone.ActiveCfg = Release|Any CPU
		{94906553-8461-4AD4-B488-FADD9CE422B6}.Ad-Hoc|iPhone.Build.0 = Release|Any CPU
		{94906553-8461-4AD4-B488-FADD9CE422B6}.Ad-Hoc|iPhoneSimulator.ActiveCfg = Release|Any CPU
		{94906553-8461-4AD4-B488-FADD9CE422B6}.Ad-Hoc|iPhoneSimulator.Build.0 = Release|Any CPU
		{94906553-8461-4AD4-B488-FADD9CE422B6}.Ad-Hoc|x64.ActiveCfg = Release|Any CPU
		{94906553-8461-4AD4-B488-FADD9CE422B6}.Ad-Hoc|x64.Build.0 = Release|Any CPU
		{94906553-8461-4AD4-B488-FADD9CE422B6}.Ad-Hoc|x86.ActiveCfg = Release|Any CPU
		{94906553-8461-4AD4-B488-FADD9CE422B6}.Ad-Hoc|x86.Build.0 = Release|Any CPU
		{94906553-8461-4AD4-B488-FADD9CE422B6}.AppStore|Any CPU.ActiveCfg = Release|Any CPU
		{94906553-8461-4AD4-B488-FADD9CE422B6}.AppStore|Any CPU.Build.0 = Release|Any CPU
		{94906553-8461-4AD4-B488-FADD9CE422B6}.AppStore|ARM.ActiveCfg = Release|Any CPU
		{94906553-8461-4AD4-B488-FADD9CE422B6}.AppStore|ARM.Build.0 = Release|Any CPU
		{94906553-8461-4AD4-B488-FADD9CE422B6}.AppStore|iPhone.ActiveCfg = Release|Any CPU
		{94906553-8461-4AD4-B488-FADD9CE422B6}.AppStore|iPhone.Build.0 = Release|Any CPU
		{94906553-8461-4AD4-B488-FADD9CE422B6}.AppStore|iPhoneSimulator.ActiveCfg = Release|Any CPU
		{94906553-8461-4AD4-B488-FADD9CE422B6}.AppStore|iPhoneSimulator.Build.0 = Release|Any CPU
		{94906553-8461-4AD4-B488-FADD9CE422B6}.AppStore|x64.ActiveCfg = Release|Any CPU
		{94906553-8461-4AD4-B488-FADD9CE422B6}.AppStore|x64.Build.0 = Release|Any CPU
		{94906553-8461-4AD4-B488-FADD9CE422B6}.AppStore|x86.ActiveCfg = Release|Any CPU
		{94906553-8461-4AD4-B488-FADD9CE422B6}.AppStore|x86.Build.0 = Release|Any CPU
		{94906553-8461-4AD4-B488-FADD9CE422B6}.Debug|Any CPU.ActiveCfg = Debug|Any CPU
		{94906553-8461-4AD4-B488-FADD9CE422B6}.Debug|Any CPU.Build.0 = Debug|Any CPU
		{94906553-8461-4AD4-B488-FADD9CE422B6}.Debug|ARM.ActiveCfg = Debug|Any CPU
		{94906553-8461-4AD4-B488-FADD9CE422B6}.Debug|ARM.Build.0 = Debug|Any CPU
		{94906553-8461-4AD4-B488-FADD9CE422B6}.Debug|iPhone.ActiveCfg = Debug|Any CPU
		{94906553-8461-4AD4-B488-FADD9CE422B6}.Debug|iPhone.Build.0 = Debug|Any CPU
		{94906553-8461-4AD4-B488-FADD9CE422B6}.Debug|iPhoneSimulator.ActiveCfg = Debug|Any CPU
		{94906553-8461-4AD4-B488-FADD9CE422B6}.Debug|iPhoneSimulator.Build.0 = Debug|Any CPU
		{94906553-8461-4AD4-B488-FADD9CE422B6}.Debug|x64.ActiveCfg = Debug|Any CPU
		{94906553-8461-4AD4-B488-FADD9CE422B6}.Debug|x64.Build.0 = Debug|Any CPU
		{94906553-8461-4AD4-B488-FADD9CE422B6}.Debug|x86.ActiveCfg = Debug|Any CPU
		{94906553-8461-4AD4-B488-FADD9CE422B6}.Debug|x86.Build.0 = Debug|Any CPU
		{94906553-8461-4AD4-B488-FADD9CE422B6}.Release|Any CPU.ActiveCfg = Release|Any CPU
		{94906553-8461-4AD4-B488-FADD9CE422B6}.Release|Any CPU.Build.0 = Release|Any CPU
		{94906553-8461-4AD4-B488-FADD9CE422B6}.Release|ARM.ActiveCfg = Release|Any CPU
		{94906553-8461-4AD4-B488-FADD9CE422B6}.Release|ARM.Build.0 = Release|Any CPU
		{94906553-8461-4AD4-B488-FADD9CE422B6}.Release|iPhone.ActiveCfg = Release|Any CPU
		{94906553-8461-4AD4-B488-FADD9CE422B6}.Release|iPhone.Build.0 = Release|Any CPU
		{94906553-8461-4AD4-B488-FADD9CE422B6}.Release|iPhoneSimulator.ActiveCfg = Release|Any CPU
		{94906553-8461-4AD4-B488-FADD9CE422B6}.Release|iPhoneSimulator.Build.0 = Release|Any CPU
		{94906553-8461-4AD4-B488-FADD9CE422B6}.Release|x64.ActiveCfg = Release|Any CPU
		{94906553-8461-4AD4-B488-FADD9CE422B6}.Release|x64.Build.0 = Release|Any CPU
		{94906553-8461-4AD4-B488-FADD9CE422B6}.Release|x86.ActiveCfg = Release|Any CPU
		{94906553-8461-4AD4-B488-FADD9CE422B6}.Release|x86.Build.0 = Release|Any CPU
		{9D334147-C6F0-4999-B8A1-D0E1B245B7FD}.Ad-Hoc|Any CPU.ActiveCfg = Release|Any CPU
		{9D334147-C6F0-4999-B8A1-D0E1B245B7FD}.Ad-Hoc|Any CPU.Build.0 = Release|Any CPU
		{9D334147-C6F0-4999-B8A1-D0E1B245B7FD}.Ad-Hoc|Any CPU.Deploy.0 = Release|Any CPU
		{9D334147-C6F0-4999-B8A1-D0E1B245B7FD}.Ad-Hoc|ARM.ActiveCfg = Release|Any CPU
		{9D334147-C6F0-4999-B8A1-D0E1B245B7FD}.Ad-Hoc|ARM.Build.0 = Release|Any CPU
		{9D334147-C6F0-4999-B8A1-D0E1B245B7FD}.Ad-Hoc|ARM.Deploy.0 = Release|Any CPU
		{9D334147-C6F0-4999-B8A1-D0E1B245B7FD}.Ad-Hoc|iPhone.ActiveCfg = Release|Any CPU
		{9D334147-C6F0-4999-B8A1-D0E1B245B7FD}.Ad-Hoc|iPhone.Build.0 = Release|Any CPU
		{9D334147-C6F0-4999-B8A1-D0E1B245B7FD}.Ad-Hoc|iPhone.Deploy.0 = Release|Any CPU
		{9D334147-C6F0-4999-B8A1-D0E1B245B7FD}.Ad-Hoc|iPhoneSimulator.ActiveCfg = Release|Any CPU
		{9D334147-C6F0-4999-B8A1-D0E1B245B7FD}.Ad-Hoc|iPhoneSimulator.Build.0 = Release|Any CPU
		{9D334147-C6F0-4999-B8A1-D0E1B245B7FD}.Ad-Hoc|iPhoneSimulator.Deploy.0 = Release|Any CPU
		{9D334147-C6F0-4999-B8A1-D0E1B245B7FD}.Ad-Hoc|x64.ActiveCfg = Release|Any CPU
		{9D334147-C6F0-4999-B8A1-D0E1B245B7FD}.Ad-Hoc|x64.Build.0 = Release|Any CPU
		{9D334147-C6F0-4999-B8A1-D0E1B245B7FD}.Ad-Hoc|x64.Deploy.0 = Release|Any CPU
		{9D334147-C6F0-4999-B8A1-D0E1B245B7FD}.Ad-Hoc|x86.ActiveCfg = Release|Any CPU
		{9D334147-C6F0-4999-B8A1-D0E1B245B7FD}.Ad-Hoc|x86.Build.0 = Release|Any CPU
		{9D334147-C6F0-4999-B8A1-D0E1B245B7FD}.Ad-Hoc|x86.Deploy.0 = Release|Any CPU
		{9D334147-C6F0-4999-B8A1-D0E1B245B7FD}.AppStore|Any CPU.ActiveCfg = Release|Any CPU
		{9D334147-C6F0-4999-B8A1-D0E1B245B7FD}.AppStore|Any CPU.Build.0 = Release|Any CPU
		{9D334147-C6F0-4999-B8A1-D0E1B245B7FD}.AppStore|Any CPU.Deploy.0 = Release|Any CPU
		{9D334147-C6F0-4999-B8A1-D0E1B245B7FD}.AppStore|ARM.ActiveCfg = Release|Any CPU
		{9D334147-C6F0-4999-B8A1-D0E1B245B7FD}.AppStore|ARM.Build.0 = Release|Any CPU
		{9D334147-C6F0-4999-B8A1-D0E1B245B7FD}.AppStore|ARM.Deploy.0 = Release|Any CPU
		{9D334147-C6F0-4999-B8A1-D0E1B245B7FD}.AppStore|iPhone.ActiveCfg = Release|Any CPU
		{9D334147-C6F0-4999-B8A1-D0E1B245B7FD}.AppStore|iPhone.Build.0 = Release|Any CPU
		{9D334147-C6F0-4999-B8A1-D0E1B245B7FD}.AppStore|iPhone.Deploy.0 = Release|Any CPU
		{9D334147-C6F0-4999-B8A1-D0E1B245B7FD}.AppStore|iPhoneSimulator.ActiveCfg = Release|Any CPU
		{9D334147-C6F0-4999-B8A1-D0E1B245B7FD}.AppStore|iPhoneSimulator.Build.0 = Release|Any CPU
		{9D334147-C6F0-4999-B8A1-D0E1B245B7FD}.AppStore|iPhoneSimulator.Deploy.0 = Release|Any CPU
		{9D334147-C6F0-4999-B8A1-D0E1B245B7FD}.AppStore|x64.ActiveCfg = Release|Any CPU
		{9D334147-C6F0-4999-B8A1-D0E1B245B7FD}.AppStore|x64.Build.0 = Release|Any CPU
		{9D334147-C6F0-4999-B8A1-D0E1B245B7FD}.AppStore|x64.Deploy.0 = Release|Any CPU
		{9D334147-C6F0-4999-B8A1-D0E1B245B7FD}.AppStore|x86.ActiveCfg = Release|Any CPU
		{9D334147-C6F0-4999-B8A1-D0E1B245B7FD}.AppStore|x86.Build.0 = Release|Any CPU
		{9D334147-C6F0-4999-B8A1-D0E1B245B7FD}.AppStore|x86.Deploy.0 = Release|Any CPU
		{9D334147-C6F0-4999-B8A1-D0E1B245B7FD}.Debug|Any CPU.ActiveCfg = Debug|Any CPU
		{9D334147-C6F0-4999-B8A1-D0E1B245B7FD}.Debug|Any CPU.Build.0 = Debug|Any CPU
		{9D334147-C6F0-4999-B8A1-D0E1B245B7FD}.Debug|Any CPU.Deploy.0 = Debug|Any CPU
		{9D334147-C6F0-4999-B8A1-D0E1B245B7FD}.Debug|ARM.ActiveCfg = Debug|Any CPU
		{9D334147-C6F0-4999-B8A1-D0E1B245B7FD}.Debug|ARM.Build.0 = Debug|Any CPU
		{9D334147-C6F0-4999-B8A1-D0E1B245B7FD}.Debug|ARM.Deploy.0 = Debug|Any CPU
		{9D334147-C6F0-4999-B8A1-D0E1B245B7FD}.Debug|iPhone.ActiveCfg = Debug|Any CPU
		{9D334147-C6F0-4999-B8A1-D0E1B245B7FD}.Debug|iPhone.Build.0 = Debug|Any CPU
		{9D334147-C6F0-4999-B8A1-D0E1B245B7FD}.Debug|iPhone.Deploy.0 = Debug|Any CPU
		{9D334147-C6F0-4999-B8A1-D0E1B245B7FD}.Debug|iPhoneSimulator.ActiveCfg = Debug|Any CPU
		{9D334147-C6F0-4999-B8A1-D0E1B245B7FD}.Debug|iPhoneSimulator.Build.0 = Debug|Any CPU
		{9D334147-C6F0-4999-B8A1-D0E1B245B7FD}.Debug|iPhoneSimulator.Deploy.0 = Debug|Any CPU
		{9D334147-C6F0-4999-B8A1-D0E1B245B7FD}.Debug|x64.ActiveCfg = Debug|Any CPU
		{9D334147-C6F0-4999-B8A1-D0E1B245B7FD}.Debug|x64.Build.0 = Debug|Any CPU
		{9D334147-C6F0-4999-B8A1-D0E1B245B7FD}.Debug|x64.Deploy.0 = Debug|Any CPU
		{9D334147-C6F0-4999-B8A1-D0E1B245B7FD}.Debug|x86.ActiveCfg = Debug|Any CPU
		{9D334147-C6F0-4999-B8A1-D0E1B245B7FD}.Debug|x86.Build.0 = Debug|Any CPU
		{9D334147-C6F0-4999-B8A1-D0E1B245B7FD}.Debug|x86.Deploy.0 = Debug|Any CPU
		{9D334147-C6F0-4999-B8A1-D0E1B245B7FD}.Release|Any CPU.ActiveCfg = Release|Any CPU
		{9D334147-C6F0-4999-B8A1-D0E1B245B7FD}.Release|Any CPU.Build.0 = Release|Any CPU
		{9D334147-C6F0-4999-B8A1-D0E1B245B7FD}.Release|Any CPU.Deploy.0 = Release|Any CPU
		{9D334147-C6F0-4999-B8A1-D0E1B245B7FD}.Release|ARM.ActiveCfg = Release|Any CPU
		{9D334147-C6F0-4999-B8A1-D0E1B245B7FD}.Release|ARM.Build.0 = Release|Any CPU
		{9D334147-C6F0-4999-B8A1-D0E1B245B7FD}.Release|ARM.Deploy.0 = Release|Any CPU
		{9D334147-C6F0-4999-B8A1-D0E1B245B7FD}.Release|iPhone.ActiveCfg = Release|Any CPU
		{9D334147-C6F0-4999-B8A1-D0E1B245B7FD}.Release|iPhone.Build.0 = Release|Any CPU
		{9D334147-C6F0-4999-B8A1-D0E1B245B7FD}.Release|iPhone.Deploy.0 = Release|Any CPU
		{9D334147-C6F0-4999-B8A1-D0E1B245B7FD}.Release|iPhoneSimulator.ActiveCfg = Release|Any CPU
		{9D334147-C6F0-4999-B8A1-D0E1B245B7FD}.Release|iPhoneSimulator.Build.0 = Release|Any CPU
		{9D334147-C6F0-4999-B8A1-D0E1B245B7FD}.Release|iPhoneSimulator.Deploy.0 = Release|Any CPU
		{9D334147-C6F0-4999-B8A1-D0E1B245B7FD}.Release|x64.ActiveCfg = Release|Any CPU
		{9D334147-C6F0-4999-B8A1-D0E1B245B7FD}.Release|x64.Build.0 = Release|Any CPU
		{9D334147-C6F0-4999-B8A1-D0E1B245B7FD}.Release|x64.Deploy.0 = Release|Any CPU
		{9D334147-C6F0-4999-B8A1-D0E1B245B7FD}.Release|x86.ActiveCfg = Release|Any CPU
		{9D334147-C6F0-4999-B8A1-D0E1B245B7FD}.Release|x86.Build.0 = Release|Any CPU
		{9D334147-C6F0-4999-B8A1-D0E1B245B7FD}.Release|x86.Deploy.0 = Release|Any CPU
		{BCB5DE40-2332-47D8-A18B-1345F957E1D0}.Ad-Hoc|Any CPU.ActiveCfg = Ad-Hoc|iPhone
		{BCB5DE40-2332-47D8-A18B-1345F957E1D0}.Ad-Hoc|ARM.ActiveCfg = Ad-Hoc|iPhone
		{BCB5DE40-2332-47D8-A18B-1345F957E1D0}.Ad-Hoc|iPhone.ActiveCfg = Ad-Hoc|iPhone
		{BCB5DE40-2332-47D8-A18B-1345F957E1D0}.Ad-Hoc|iPhone.Build.0 = Ad-Hoc|iPhone
		{BCB5DE40-2332-47D8-A18B-1345F957E1D0}.Ad-Hoc|iPhoneSimulator.ActiveCfg = Ad-Hoc|iPhoneSimulator
		{BCB5DE40-2332-47D8-A18B-1345F957E1D0}.Ad-Hoc|iPhoneSimulator.Build.0 = Ad-Hoc|iPhoneSimulator
		{BCB5DE40-2332-47D8-A18B-1345F957E1D0}.Ad-Hoc|x64.ActiveCfg = Ad-Hoc|iPhone
		{BCB5DE40-2332-47D8-A18B-1345F957E1D0}.Ad-Hoc|x86.ActiveCfg = Ad-Hoc|iPhone
		{BCB5DE40-2332-47D8-A18B-1345F957E1D0}.AppStore|Any CPU.ActiveCfg = AppStore|iPhone
		{BCB5DE40-2332-47D8-A18B-1345F957E1D0}.AppStore|ARM.ActiveCfg = AppStore|iPhone
		{BCB5DE40-2332-47D8-A18B-1345F957E1D0}.AppStore|iPhone.ActiveCfg = AppStore|iPhone
		{BCB5DE40-2332-47D8-A18B-1345F957E1D0}.AppStore|iPhone.Build.0 = AppStore|iPhone
		{BCB5DE40-2332-47D8-A18B-1345F957E1D0}.AppStore|iPhoneSimulator.ActiveCfg = AppStore|iPhoneSimulator
		{BCB5DE40-2332-47D8-A18B-1345F957E1D0}.AppStore|iPhoneSimulator.Build.0 = AppStore|iPhoneSimulator
		{BCB5DE40-2332-47D8-A18B-1345F957E1D0}.AppStore|x64.ActiveCfg = AppStore|iPhone
		{BCB5DE40-2332-47D8-A18B-1345F957E1D0}.AppStore|x86.ActiveCfg = AppStore|iPhone
		{BCB5DE40-2332-47D8-A18B-1345F957E1D0}.Debug|Any CPU.ActiveCfg = Debug|iPhone
		{BCB5DE40-2332-47D8-A18B-1345F957E1D0}.Debug|ARM.ActiveCfg = Debug|iPhone
		{BCB5DE40-2332-47D8-A18B-1345F957E1D0}.Debug|iPhone.ActiveCfg = Debug|iPhone
		{BCB5DE40-2332-47D8-A18B-1345F957E1D0}.Debug|iPhone.Build.0 = Debug|iPhone
		{BCB5DE40-2332-47D8-A18B-1345F957E1D0}.Debug|iPhoneSimulator.ActiveCfg = Debug|iPhoneSimulator
		{BCB5DE40-2332-47D8-A18B-1345F957E1D0}.Debug|iPhoneSimulator.Build.0 = Debug|iPhoneSimulator
		{BCB5DE40-2332-47D8-A18B-1345F957E1D0}.Debug|x64.ActiveCfg = Debug|iPhone
		{BCB5DE40-2332-47D8-A18B-1345F957E1D0}.Debug|x86.ActiveCfg = Debug|iPhone
		{BCB5DE40-2332-47D8-A18B-1345F957E1D0}.Release|Any CPU.ActiveCfg = Release|iPhone
		{BCB5DE40-2332-47D8-A18B-1345F957E1D0}.Release|ARM.ActiveCfg = Release|iPhone
		{BCB5DE40-2332-47D8-A18B-1345F957E1D0}.Release|iPhone.ActiveCfg = Release|iPhone
		{BCB5DE40-2332-47D8-A18B-1345F957E1D0}.Release|iPhone.Build.0 = Release|iPhone
		{BCB5DE40-2332-47D8-A18B-1345F957E1D0}.Release|iPhoneSimulator.ActiveCfg = Release|iPhoneSimulator
		{BCB5DE40-2332-47D8-A18B-1345F957E1D0}.Release|iPhoneSimulator.Build.0 = Release|iPhoneSimulator
		{BCB5DE40-2332-47D8-A18B-1345F957E1D0}.Release|x64.ActiveCfg = Release|iPhone
		{BCB5DE40-2332-47D8-A18B-1345F957E1D0}.Release|x86.ActiveCfg = Release|iPhone
		{E4549D7C-F075-489E-9DE5-8600F3920967}.Ad-Hoc|Any CPU.ActiveCfg = Release|x86
		{E4549D7C-F075-489E-9DE5-8600F3920967}.Ad-Hoc|Any CPU.Build.0 = Release|x86
		{E4549D7C-F075-489E-9DE5-8600F3920967}.Ad-Hoc|Any CPU.Deploy.0 = Release|x86
		{E4549D7C-F075-489E-9DE5-8600F3920967}.Ad-Hoc|ARM.ActiveCfg = Release|ARM
		{E4549D7C-F075-489E-9DE5-8600F3920967}.Ad-Hoc|ARM.Build.0 = Release|ARM
		{E4549D7C-F075-489E-9DE5-8600F3920967}.Ad-Hoc|ARM.Deploy.0 = Release|ARM
		{E4549D7C-F075-489E-9DE5-8600F3920967}.Ad-Hoc|iPhone.ActiveCfg = Release|x86
		{E4549D7C-F075-489E-9DE5-8600F3920967}.Ad-Hoc|iPhone.Build.0 = Release|x86
		{E4549D7C-F075-489E-9DE5-8600F3920967}.Ad-Hoc|iPhone.Deploy.0 = Release|x86
		{E4549D7C-F075-489E-9DE5-8600F3920967}.Ad-Hoc|iPhoneSimulator.ActiveCfg = Release|x86
		{E4549D7C-F075-489E-9DE5-8600F3920967}.Ad-Hoc|iPhoneSimulator.Build.0 = Release|x86
		{E4549D7C-F075-489E-9DE5-8600F3920967}.Ad-Hoc|iPhoneSimulator.Deploy.0 = Release|x86
		{E4549D7C-F075-489E-9DE5-8600F3920967}.Ad-Hoc|x64.ActiveCfg = Release|x64
		{E4549D7C-F075-489E-9DE5-8600F3920967}.Ad-Hoc|x64.Build.0 = Release|x64
		{E4549D7C-F075-489E-9DE5-8600F3920967}.Ad-Hoc|x64.Deploy.0 = Release|x64
		{E4549D7C-F075-489E-9DE5-8600F3920967}.Ad-Hoc|x86.ActiveCfg = Release|x86
		{E4549D7C-F075-489E-9DE5-8600F3920967}.Ad-Hoc|x86.Build.0 = Release|x86
		{E4549D7C-F075-489E-9DE5-8600F3920967}.Ad-Hoc|x86.Deploy.0 = Release|x86
		{E4549D7C-F075-489E-9DE5-8600F3920967}.AppStore|Any CPU.ActiveCfg = Release|x86
		{E4549D7C-F075-489E-9DE5-8600F3920967}.AppStore|Any CPU.Build.0 = Release|x86
		{E4549D7C-F075-489E-9DE5-8600F3920967}.AppStore|Any CPU.Deploy.0 = Release|x86
		{E4549D7C-F075-489E-9DE5-8600F3920967}.AppStore|ARM.ActiveCfg = Release|ARM
		{E4549D7C-F075-489E-9DE5-8600F3920967}.AppStore|ARM.Build.0 = Release|ARM
		{E4549D7C-F075-489E-9DE5-8600F3920967}.AppStore|ARM.Deploy.0 = Release|ARM
		{E4549D7C-F075-489E-9DE5-8600F3920967}.AppStore|iPhone.ActiveCfg = Release|x86
		{E4549D7C-F075-489E-9DE5-8600F3920967}.AppStore|iPhone.Build.0 = Release|x86
		{E4549D7C-F075-489E-9DE5-8600F3920967}.AppStore|iPhone.Deploy.0 = Release|x86
		{E4549D7C-F075-489E-9DE5-8600F3920967}.AppStore|iPhoneSimulator.ActiveCfg = Release|x86
		{E4549D7C-F075-489E-9DE5-8600F3920967}.AppStore|iPhoneSimulator.Build.0 = Release|x86
		{E4549D7C-F075-489E-9DE5-8600F3920967}.AppStore|iPhoneSimulator.Deploy.0 = Release|x86
		{E4549D7C-F075-489E-9DE5-8600F3920967}.AppStore|x64.ActiveCfg = Release|x64
		{E4549D7C-F075-489E-9DE5-8600F3920967}.AppStore|x64.Build.0 = Release|x64
		{E4549D7C-F075-489E-9DE5-8600F3920967}.AppStore|x64.Deploy.0 = Release|x64
		{E4549D7C-F075-489E-9DE5-8600F3920967}.AppStore|x86.ActiveCfg = Release|x86
		{E4549D7C-F075-489E-9DE5-8600F3920967}.AppStore|x86.Build.0 = Release|x86
		{E4549D7C-F075-489E-9DE5-8600F3920967}.AppStore|x86.Deploy.0 = Release|x86
		{E4549D7C-F075-489E-9DE5-8600F3920967}.Debug|Any CPU.ActiveCfg = Debug|x86
		{E4549D7C-F075-489E-9DE5-8600F3920967}.Debug|ARM.ActiveCfg = Debug|ARM
		{E4549D7C-F075-489E-9DE5-8600F3920967}.Debug|ARM.Build.0 = Debug|ARM
		{E4549D7C-F075-489E-9DE5-8600F3920967}.Debug|ARM.Deploy.0 = Debug|ARM
		{E4549D7C-F075-489E-9DE5-8600F3920967}.Debug|iPhone.ActiveCfg = Debug|x86
		{E4549D7C-F075-489E-9DE5-8600F3920967}.Debug|iPhoneSimulator.ActiveCfg = Debug|x86
		{E4549D7C-F075-489E-9DE5-8600F3920967}.Debug|x64.ActiveCfg = Debug|x64
		{E4549D7C-F075-489E-9DE5-8600F3920967}.Debug|x64.Build.0 = Debug|x64
		{E4549D7C-F075-489E-9DE5-8600F3920967}.Debug|x64.Deploy.0 = Debug|x64
		{E4549D7C-F075-489E-9DE5-8600F3920967}.Debug|x86.ActiveCfg = Debug|x86
		{E4549D7C-F075-489E-9DE5-8600F3920967}.Debug|x86.Build.0 = Debug|x86
		{E4549D7C-F075-489E-9DE5-8600F3920967}.Debug|x86.Deploy.0 = Debug|x86
		{E4549D7C-F075-489E-9DE5-8600F3920967}.Release|Any CPU.ActiveCfg = Release|x86
		{E4549D7C-F075-489E-9DE5-8600F3920967}.Release|ARM.ActiveCfg = Release|ARM
		{E4549D7C-F075-489E-9DE5-8600F3920967}.Release|ARM.Build.0 = Release|ARM
		{E4549D7C-F075-489E-9DE5-8600F3920967}.Release|ARM.Deploy.0 = Release|ARM
		{E4549D7C-F075-489E-9DE5-8600F3920967}.Release|iPhone.ActiveCfg = Release|x86
		{E4549D7C-F075-489E-9DE5-8600F3920967}.Release|iPhoneSimulator.ActiveCfg = Release|x86
		{E4549D7C-F075-489E-9DE5-8600F3920967}.Release|x64.ActiveCfg = Release|x64
		{E4549D7C-F075-489E-9DE5-8600F3920967}.Release|x64.Build.0 = Release|x64
		{E4549D7C-F075-489E-9DE5-8600F3920967}.Release|x64.Deploy.0 = Release|x64
		{E4549D7C-F075-489E-9DE5-8600F3920967}.Release|x86.ActiveCfg = Release|x86
		{E4549D7C-F075-489E-9DE5-8600F3920967}.Release|x86.Build.0 = Release|x86
		{E4549D7C-F075-489E-9DE5-8600F3920967}.Release|x86.Deploy.0 = Release|x86
		{F27CDD32-9CDE-41D5-BF17-AE18CFF4399F}.Ad-Hoc|Any CPU.ActiveCfg = Debug|Any CPU
		{F27CDD32-9CDE-41D5-BF17-AE18CFF4399F}.Ad-Hoc|Any CPU.Build.0 = Debug|Any CPU
		{F27CDD32-9CDE-41D5-BF17-AE18CFF4399F}.Ad-Hoc|ARM.ActiveCfg = Debug|Any CPU
		{F27CDD32-9CDE-41D5-BF17-AE18CFF4399F}.Ad-Hoc|ARM.Build.0 = Debug|Any CPU
		{F27CDD32-9CDE-41D5-BF17-AE18CFF4399F}.Ad-Hoc|iPhone.ActiveCfg = Debug|Any CPU
		{F27CDD32-9CDE-41D5-BF17-AE18CFF4399F}.Ad-Hoc|iPhone.Build.0 = Debug|Any CPU
		{F27CDD32-9CDE-41D5-BF17-AE18CFF4399F}.Ad-Hoc|iPhoneSimulator.ActiveCfg = Debug|Any CPU
		{F27CDD32-9CDE-41D5-BF17-AE18CFF4399F}.Ad-Hoc|iPhoneSimulator.Build.0 = Debug|Any CPU
		{F27CDD32-9CDE-41D5-BF17-AE18CFF4399F}.Ad-Hoc|x64.ActiveCfg = Debug|Any CPU
		{F27CDD32-9CDE-41D5-BF17-AE18CFF4399F}.Ad-Hoc|x64.Build.0 = Debug|Any CPU
		{F27CDD32-9CDE-41D5-BF17-AE18CFF4399F}.Ad-Hoc|x86.ActiveCfg = Debug|Any CPU
		{F27CDD32-9CDE-41D5-BF17-AE18CFF4399F}.Ad-Hoc|x86.Build.0 = Debug|Any CPU
		{F27CDD32-9CDE-41D5-BF17-AE18CFF4399F}.AppStore|Any CPU.ActiveCfg = Debug|Any CPU
		{F27CDD32-9CDE-41D5-BF17-AE18CFF4399F}.AppStore|Any CPU.Build.0 = Debug|Any CPU
		{F27CDD32-9CDE-41D5-BF17-AE18CFF4399F}.AppStore|ARM.ActiveCfg = Debug|Any CPU
		{F27CDD32-9CDE-41D5-BF17-AE18CFF4399F}.AppStore|ARM.Build.0 = Debug|Any CPU
		{F27CDD32-9CDE-41D5-BF17-AE18CFF4399F}.AppStore|iPhone.ActiveCfg = Debug|Any CPU
		{F27CDD32-9CDE-41D5-BF17-AE18CFF4399F}.AppStore|iPhone.Build.0 = Debug|Any CPU
		{F27CDD32-9CDE-41D5-BF17-AE18CFF4399F}.AppStore|iPhoneSimulator.ActiveCfg = Debug|Any CPU
		{F27CDD32-9CDE-41D5-BF17-AE18CFF4399F}.AppStore|iPhoneSimulator.Build.0 = Debug|Any CPU
		{F27CDD32-9CDE-41D5-BF17-AE18CFF4399F}.AppStore|x64.ActiveCfg = Debug|Any CPU
		{F27CDD32-9CDE-41D5-BF17-AE18CFF4399F}.AppStore|x64.Build.0 = Debug|Any CPU
		{F27CDD32-9CDE-41D5-BF17-AE18CFF4399F}.AppStore|x86.ActiveCfg = Debug|Any CPU
		{F27CDD32-9CDE-41D5-BF17-AE18CFF4399F}.AppStore|x86.Build.0 = Debug|Any CPU
		{F27CDD32-9CDE-41D5-BF17-AE18CFF4399F}.Debug|Any CPU.ActiveCfg = Debug|Any CPU
		{F27CDD32-9CDE-41D5-BF17-AE18CFF4399F}.Debug|Any CPU.Build.0 = Debug|Any CPU
		{F27CDD32-9CDE-41D5-BF17-AE18CFF4399F}.Debug|ARM.ActiveCfg = Debug|Any CPU
		{F27CDD32-9CDE-41D5-BF17-AE18CFF4399F}.Debug|ARM.Build.0 = Debug|Any CPU
		{F27CDD32-9CDE-41D5-BF17-AE18CFF4399F}.Debug|iPhone.ActiveCfg = Debug|Any CPU
		{F27CDD32-9CDE-41D5-BF17-AE18CFF4399F}.Debug|iPhone.Build.0 = Debug|Any CPU
		{F27CDD32-9CDE-41D5-BF17-AE18CFF4399F}.Debug|iPhoneSimulator.ActiveCfg = Debug|Any CPU
		{F27CDD32-9CDE-41D5-BF17-AE18CFF4399F}.Debug|iPhoneSimulator.Build.0 = Debug|Any CPU
		{F27CDD32-9CDE-41D5-BF17-AE18CFF4399F}.Debug|x64.ActiveCfg = Debug|Any CPU
		{F27CDD32-9CDE-41D5-BF17-AE18CFF4399F}.Debug|x64.Build.0 = Debug|Any CPU
		{F27CDD32-9CDE-41D5-BF17-AE18CFF4399F}.Debug|x86.ActiveCfg = Debug|Any CPU
		{F27CDD32-9CDE-41D5-BF17-AE18CFF4399F}.Debug|x86.Build.0 = Debug|Any CPU
		{F27CDD32-9CDE-41D5-BF17-AE18CFF4399F}.Release|Any CPU.ActiveCfg = Release|Any CPU
		{F27CDD32-9CDE-41D5-BF17-AE18CFF4399F}.Release|Any CPU.Build.0 = Release|Any CPU
		{F27CDD32-9CDE-41D5-BF17-AE18CFF4399F}.Release|ARM.ActiveCfg = Release|Any CPU
		{F27CDD32-9CDE-41D5-BF17-AE18CFF4399F}.Release|ARM.Build.0 = Release|Any CPU
		{F27CDD32-9CDE-41D5-BF17-AE18CFF4399F}.Release|iPhone.ActiveCfg = Release|Any CPU
		{F27CDD32-9CDE-41D5-BF17-AE18CFF4399F}.Release|iPhone.Build.0 = Release|Any CPU
		{F27CDD32-9CDE-41D5-BF17-AE18CFF4399F}.Release|iPhoneSimulator.ActiveCfg = Release|Any CPU
		{F27CDD32-9CDE-41D5-BF17-AE18CFF4399F}.Release|iPhoneSimulator.Build.0 = Release|Any CPU
		{F27CDD32-9CDE-41D5-BF17-AE18CFF4399F}.Release|x64.ActiveCfg = Release|Any CPU
		{F27CDD32-9CDE-41D5-BF17-AE18CFF4399F}.Release|x64.Build.0 = Release|Any CPU
		{F27CDD32-9CDE-41D5-BF17-AE18CFF4399F}.Release|x86.ActiveCfg = Release|Any CPU
		{F27CDD32-9CDE-41D5-BF17-AE18CFF4399F}.Release|x86.Build.0 = Release|Any CPU
	EndGlobalSection
	GlobalSection(SolutionProperties) = preSolution
		HideSolutionNode = FALSE
	EndGlobalSection
	GlobalSection(ExtensibilityGlobals) = postSolution
		SolutionGuid = {2FAA62D3-765C-4812-ABEB-9A1EC3684BD9}
	EndGlobalSection
EndGlobal
